
Microsoft Visual Studio Solution File, Format Version 12.00
# Visual Studio 15
VisualStudioVersion = 15.0.27428.2037
MinimumVisualStudioVersion = 10.0.40219.1
Project("{FAE04EC0-301F-11D3-BF4B-00C04F79EFBC}") = "TelephoneBook", "TelephoneBook\TelephoneBook.csproj", "{46A1F279-CD8C-4366-B180-AD2540AAEAF5}"
EndProject
Global
	GlobalSection(SolutionConfigurationPlatforms) = preSolution
		Debug|Any CPU = Debug|Any CPU
		Debug|x64 = Debug|x64
		Release|Any CPU = Release|Any CPU
		Release|x64 = Release|x64
	EndGlobalSection
	GlobalSection(ProjectConfigurationPlatforms) = postSolution
		{46A1F279-CD8C-4366-B180-AD2540AAEAF5}.Debug|Any CPU.ActiveCfg = Debug|Any CPU
		{46A1F279-CD8C-4366-B180-AD2540AAEAF5}.Debug|Any CPU.Build.0 = Debug|Any CPU
		{46A1F279-CD8C-4366-B180-AD2540AAEAF5}.Debug|x64.ActiveCfg = Debug|x64
		{46A1F279-CD8C-4366-B180-AD2540AAEAF5}.Debug|x64.Build.0 = Debug|x64
		{46A1F279-CD8C-4366-B180-AD2540AAEAF5}.Release|Any CPU.ActiveCfg = Release|Any CPU
		{46A1F279-CD8C-4366-B180-AD2540AAEAF5}.Release|Any CPU.Build.0 = Release|Any CPU
		{46A1F279-CD8C-4366-B180-AD2540AAEAF5}.Release|x64.ActiveCfg = Release|x64
		{46A1F279-CD8C-4366-B180-AD2540AAEAF5}.Release|x64.Build.0 = Release|x64
	EndGlobalSection
	GlobalSection(SolutionProperties) = preSolution
		HideSolutionNode = FALSE
	EndGlobalSection
	GlobalSection(ExtensibilityGlobals) = postSolution
		SolutionGuid = {CE849C9E-853F-4704-A68B-0CCEB4DDB594}
	EndGlobalSection
EndGlobal
